github.com/EchoUtopia/my_golang_practices v0.0.0-20201105023818-be3bcd7d225e h1:9m6c6ONiJx4mG/ezrvZvx86RdE/ECfgDj9BvfKzto+o=
github.com/antlr/antlr4 v0.0.0-20201129091037-eafcc9369e99 h1:QU6r119MBZ5HTKKQRpO15welD3LOrYR08SqezuNiOnU=
github.com/antlr/antlr4 v0.0.0-20201129091037-eafcc9369e99/go.mod h1:T7PbCXFs94rrTttyxjbyT5+/1V8T2TYDejxUfHJjw1Y=
